
Microsoft Visual Studio Solution File, Format Version 12.00
# Visual Studio Version 16
VisualStudioVersion = 16.0.29519.87
MinimumVisualStudioVersion = 10.0.40219.1
Project("{8BC9CEB8-8B4A-11D0-8D11-00A0C91BC942}") = "N과M1", "N과M1\N과M1.vcxproj", "{DDDE3F8B-5B76-40CD-8DB0-B97793C27698}"
EndProject
Project("{8BC9CEB8-8B4A-11D0-8D11-00A0C91BC942}") = "N과M2", "N과M2\N과M2.vcxproj", "{1D10D400-FA3B-4AC1-8316-5245FD9E18CD}"
EndProject
Project("{8BC9CEB8-8B4A-11D0-8D11-00A0C91BC942}") = "N과M3", "N과M3\N과M3.vcxproj", "{B5A2CC76-429A-433D-B4F9-450A568EE7B4}"
EndProject
Project("{8BC9CEB8-8B4A-11D0-8D11-00A0C91BC942}") = "N과M4", "N과M4\N과M4.vcxproj", "{F3D6D614-70CE-49CF-B6C7-33F8765228FB}"
EndProject
Project("{8BC9CEB8-8B4A-11D0-8D11-00A0C91BC942}") = "N과M5", "N과M5\N과M5.vcxproj", "{68DC8879-4106-40C6-846B-4BBD6BD81D1E}"
EndProject
Project("{8BC9CEB8-8B4A-11D0-8D11-00A0C91BC942}") = "N과M6", "N과M6\N과M6.vcxproj", "{7FF68E99-1364-4B85-B9B6-767C990C213E}"
EndProject
Project("{8BC9CEB8-8B4A-11D0-8D11-00A0C91BC942}") = "N과M7", "N과M7\N과M7.vcxproj", "{77B6C325-A5B0-4E8A-A06E-939FC20A9F55}"
EndProject
Project("{8BC9CEB8-8B4A-11D0-8D11-00A0C91BC942}") = "N과M8", "N과M8\N과M8.vcxproj", "{3C09913B-86DD-4B7A-8140-B12B5403A9CF}"
EndProject
Project("{8BC9CEB8-8B4A-11D0-8D11-00A0C91BC942}") = "N과M9", "N과M9\N과M9.vcxproj", "{F5CF9F6F-4959-4254-B502-3A13732D14FB}"
EndProject
Project("{8BC9CEB8-8B4A-11D0-8D11-00A0C91BC942}") = "N과M10", "N과M10\N과M10.vcxproj", "{90BBAC4A-ECBC-4DDD-AB51-0C8778D9DF87}"
EndProject
Project("{8BC9CEB8-8B4A-11D0-8D11-00A0C91BC942}") = "N과M11", "N과M11\N과M11.vcxproj", "{1F3E9457-03A7-41D9-8C12-9C206946E93D}"
EndProject
Project("{8BC9CEB8-8B4A-11D0-8D11-00A0C91BC942}") = "N과M12", "N과M12\N과M12.vcxproj", "{E8555D28-0E79-4B34-AF3C-7AC5CC4E8460}"
EndProject
Global
	GlobalSection(SolutionConfigurationPlatforms) = preSolution
		Debug|x64 = Debug|x64
		Debug|x86 = Debug|x86
		Release|x64 = Release|x64
		Release|x86 = Release|x86
	EndGlobalSection
	GlobalSection(ProjectConfigurationPlatforms) = postSolution
		{DDDE3F8B-5B76-40CD-8DB0-B97793C27698}.Debug|x64.ActiveCfg = Debug|x64
		{DDDE3F8B-5B76-40CD-8DB0-B97793C27698}.Debug|x64.Build.0 = Debug|x64
		{DDDE3F8B-5B76-40CD-8DB0-B97793C27698}.Debug|x86.ActiveCfg = Debug|Win32
		{DDDE3F8B-5B76-40CD-8DB0-B97793C27698}.Debug|x86.Build.0 = Debug|Win32
		{DDDE3F8B-5B76-40CD-8DB0-B97793C27698}.Release|x64.ActiveCfg = Release|x64
		{DDDE3F8B-5B76-40CD-8DB0-B97793C27698}.Release|x64.Build.0 = Release|x64
		{DDDE3F8B-5B76-40CD-8DB0-B97793C27698}.Release|x86.ActiveCfg = Release|Win32
		{DDDE3F8B-5B76-40CD-8DB0-B97793C27698}.Release|x86.Build.0 = Release|Win32
		{1D10D400-FA3B-4AC1-8316-5245FD9E18CD}.Debug|x64.ActiveCfg = Debug|x64
		{1D10D400-FA3B-4AC1-8316-5245FD9E18CD}.Debug|x64.Build.0 = Debug|x64
		{1D10D400-FA3B-4AC1-8316-5245FD9E18CD}.Debug|x86.ActiveCfg = Debug|Win32
		{1D10D400-FA3B-4AC1-8316-5245FD9E18CD}.Debug|x86.Build.0 = Debug|Win32
		{1D10D400-FA3B-4AC1-8316-5245FD9E18CD}.Release|x64.ActiveCfg = Release|x64
		{1D10D400-FA3B-4AC1-8316-5245FD9E18CD}.Release|x64.Build.0 = Release|x64
		{1D10D400-FA3B-4AC1-8316-5245FD9E18CD}.Release|x86.ActiveCfg = Release|Win32
		{1D10D400-FA3B-4AC1-8316-5245FD9E18CD}.Release|x86.Build.0 = Release|Win32
		{B5A2CC76-429A-433D-B4F9-450A568EE7B4}.Debug|x64.ActiveCfg = Debug|x64
		{B5A2CC76-429A-433D-B4F9-450A568EE7B4}.Debug|x64.Build.0 = Debug|x64
		{B5A2CC76-429A-433D-B4F9-450A568EE7B4}.Debug|x86.ActiveCfg = Debug|Win32
		{B5A2CC76-429A-433D-B4F9-450A568EE7B4}.Debug|x86.Build.0 = Debug|Win32
		{B5A2CC76-429A-433D-B4F9-450A568EE7B4}.Release|x64.ActiveCfg = Release|x64
		{B5A2CC76-429A-433D-B4F9-450A568EE7B4}.Release|x64.Build.0 = Release|x64
		{B5A2CC76-429A-433D-B4F9-450A568EE7B4}.Release|x86.ActiveCfg = Release|Win32
		{B5A2CC76-429A-433D-B4F9-450A568EE7B4}.Release|x86.Build.0 = Release|Win32
		{F3D6D614-70CE-49CF-B6C7-33F8765228FB}.Debug|x64.ActiveCfg = Debug|x64
		{F3D6D614-70CE-49CF-B6C7-33F8765228FB}.Debug|x64.Build.0 = Debug|x64
		{F3D6D614-70CE-49CF-B6C7-33F8765228FB}.Debug|x86.ActiveCfg = Debug|Win32
		{F3D6D614-70CE-49CF-B6C7-33F8765228FB}.Debug|x86.Build.0 = Debug|Win32
		{F3D6D614-70CE-49CF-B6C7-33F8765228FB}.Release|x64.ActiveCfg = Release|x64
		{F3D6D614-70CE-49CF-B6C7-33F8765228FB}.Release|x64.Build.0 = Release|x64
		{F3D6D614-70CE-49CF-B6C7-33F8765228FB}.Release|x86.ActiveCfg = Release|Win32
		{F3D6D614-70CE-49CF-B6C7-33F8765228FB}.Release|x86.Build.0 = Release|Win32
		{68DC8879-4106-40C6-846B-4BBD6BD81D1E}.Debug|x64.ActiveCfg = Debug|x64
		{68DC8879-4106-40C6-846B-4BBD6BD81D1E}.Debug|x64.Build.0 = Debug|x64
		{68DC8879-4106-40C6-846B-4BBD6BD81D1E}.Debug|x86.ActiveCfg = Debug|Win32
		{68DC8879-4106-40C6-846B-4BBD6BD81D1E}.Debug|x86.Build.0 = Debug|Win32
		{68DC8879-4106-40C6-846B-4BBD6BD81D1E}.Release|x64.ActiveCfg = Release|x64
		{68DC8879-4106-40C6-846B-4BBD6BD81D1E}.Release|x64.Build.0 = Release|x64
		{68DC8879-4106-40C6-846B-4BBD6BD81D1E}.Release|x86.ActiveCfg = Release|Win32
		{68DC8879-4106-40C6-846B-4BBD6BD81D1E}.Release|x86.Build.0 = Release|Win32
		{7FF68E99-1364-4B85-B9B6-767C990C213E}.Debug|x64.ActiveCfg = Debug|x64
		{7FF68E99-1364-4B85-B9B6-767C990C213E}.Debug|x64.Build.0 = Debug|x64
		{7FF68E99-1364-4B85-B9B6-767C990C213E}.Debug|x86.ActiveCfg = Debug|Win32
		{7FF68E99-1364-4B85-B9B6-767C990C213E}.Debug|x86.Build.0 = Debug|Win32
		{7FF68E99-1364-4B85-B9B6-767C990C213E}.Release|x64.ActiveCfg = Release|x64
		{7FF68E99-1364-4B85-B9B6-767C990C213E}.Release|x64.Build.0 = Release|x64
		{7FF68E99-1364-4B85-B9B6-767C990C213E}.Release|x86.ActiveCfg = Release|Win32
		{7FF68E99-1364-4B85-B9B6-767C990C213E}.Release|x86.Build.0 = Release|Win32
		{77B6C325-A5B0-4E8A-A06E-939FC20A9F55}.Debug|x64.ActiveCfg = Debug|x64
		{77B6C325-A5B0-4E8A-A06E-939FC20A9F55}.Debug|x64.Build.0 = Debug|x64
		{77B6C325-A5B0-4E8A-A06E-939FC20A9F55}.Debug|x86.ActiveCfg = Debug|Win32
		{77B6C325-A5B0-4E8A-A06E-939FC20A9F55}.Debug|x86.Build.0 = Debug|Win32
		{77B6C325-A5B0-4E8A-A06E-939FC20A9F55}.Release|x64.ActiveCfg = Release|x64
		{77B6C325-A5B0-4E8A-A06E-939FC20A9F55}.Release|x64.Build.0 = Release|x64
		{77B6C325-A5B0-4E8A-A06E-939FC20A9F55}.Release|x86.ActiveCfg = Release|Win32
		{77B6C325-A5B0-4E8A-A06E-939FC20A9F55}.Release|x86.Build.0 = Release|Win32
		{3C09913B-86DD-4B7A-8140-B12B5403A9CF}.Debug|x64.ActiveCfg = Debug|x64
		{3C09913B-86DD-4B7A-8140-B12B5403A9CF}.Debug|x64.Build.0 = Debug|x64
		{3C09913B-86DD-4B7A-8140-B12B5403A9CF}.Debug|x86.ActiveCfg = Debug|Win32
		{3C09913B-86DD-4B7A-8140-B12B5403A9CF}.Debug|x86.Build.0 = Debug|Win32
		{3C09913B-86DD-4B7A-8140-B12B5403A9CF}.Release|x64.ActiveCfg = Release|x64
		{3C09913B-86DD-4B7A-8140-B12B5403A9CF}.Release|x64.Build.0 = Release|x64
		{3C09913B-86DD-4B7A-8140-B12B5403A9CF}.Release|x86.ActiveCfg = Release|Win32
		{3C09913B-86DD-4B7A-8140-B12B5403A9CF}.Release|x86.Build.0 = Release|Win32
		{F5CF9F6F-4959-4254-B502-3A13732D14FB}.Debug|x64.ActiveCfg = Debug|x64
		{F5CF9F6F-4959-4254-B502-3A13732D14FB}.Debug|x64.Build.0 = Debug|x64
		{F5CF9F6F-4959-4254-B502-3A13732D14FB}.Debug|x86.ActiveCfg = Debug|Win32
		{F5CF9F6F-4959-4254-B502-3A13732D14FB}.Debug|x86.Build.0 = Debug|Win32
		{F5CF9F6F-4959-4254-B502-3A13732D14FB}.Release|x64.ActiveCfg = Release|x64
		{F5CF9F6F-4959-4254-B502-3A13732D14FB}.Release|x64.Build.0 = Release|x64
		{F5CF9F6F-4959-4254-B502-3A13732D14FB}.Release|x86.ActiveCfg = Release|Win32
		{F5CF9F6F-4959-4254-B502-3A13732D14FB}.Release|x86.Build.0 = Release|Win32
		{90BBAC4A-ECBC-4DDD-AB51-0C8778D9DF87}.Debug|x64.ActiveCfg = Debug|x64
		{90BBAC4A-ECBC-4DDD-AB51-0C8778D9DF87}.Debug|x64.Build.0 = Debug|x64
		{90BBAC4A-ECBC-4DDD-AB51-0C8778D9DF87}.Debug|x86.ActiveCfg = Debug|Win32
		{90BBAC4A-ECBC-4DDD-AB51-0C8778D9DF87}.Debug|x86.Build.0 = Debug|Win32
		{90BBAC4A-ECBC-4DDD-AB51-0C8778D9DF87}.Release|x64.ActiveCfg = Release|x64
		{90BBAC4A-ECBC-4DDD-AB51-0C8778D9DF87}.Release|x64.Build.0 = Release|x64
		{90BBAC4A-ECBC-4DDD-AB51-0C8778D9DF87}.Release|x86.ActiveCfg = Release|Win32
		{90BBAC4A-ECBC-4DDD-AB51-0C8778D9DF87}.Release|x86.Build.0 = Release|Win32
		{1F3E9457-03A7-41D9-8C12-9C206946E93D}.Debug|x64.ActiveCfg = Debug|x64
		{1F3E9457-03A7-41D9-8C12-9C206946E93D}.Debug|x64.Build.0 = Debug|x64
		{1F3E9457-03A7-41D9-8C12-9C206946E93D}.Debug|x86.ActiveCfg = Debug|Win32
		{1F3E9457-03A7-41D9-8C12-9C206946E93D}.Debug|x86.Build.0 = Debug|Win32
		{1F3E9457-03A7-41D9-8C12-9C206946E93D}.Release|x64.ActiveCfg = Release|x64
		{1F3E9457-03A7-41D9-8C12-9C206946E93D}.Release|x64.Build.0 = Release|x64
		{1F3E9457-03A7-41D9-8C12-9C206946E93D}.Release|x86.ActiveCfg = Release|Win32
		{1F3E9457-03A7-41D9-8C12-9C206946E93D}.Release|x86.Build.0 = Release|Win32
		{E8555D28-0E79-4B34-AF3C-7AC5CC4E8460}.Debug|x64.ActiveCfg = Debug|x64
		{E8555D28-0E79-4B34-AF3C-7AC5CC4E8460}.Debug|x64.Build.0 = Debug|x64
		{E8555D28-0E79-4B34-AF3C-7AC5CC4E8460}.Debug|x86.ActiveCfg = Debug|Win32
		{E8555D28-0E79-4B34-AF3C-7AC5CC4E8460}.Debug|x86.Build.0 = Debug|Win32
		{E8555D28-0E79-4B34-AF3C-7AC5CC4E8460}.Release|x64.ActiveCfg = Release|x64
		{E8555D28-0E79-4B34-AF3C-7AC5CC4E8460}.Release|x64.Build.0 = Release|x64
		{E8555D28-0E79-4B34-AF3C-7AC5CC4E8460}.Release|x86.ActiveCfg = Release|Win32
		{E8555D28-0E79-4B34-AF3C-7AC5CC4E8460}.Release|x86.Build.0 = Release|Win32
	EndGlobalSection
	GlobalSection(SolutionProperties) = preSolution
		HideSolutionNode = FALSE
	EndGlobalSection
	GlobalSection(ExtensibilityGlobals) = postSolution
		SolutionGuid = {846E1D25-3C5B-44C7-862A-AF3EA66D67DE}
	EndGlobalSection
EndGlobal
