
Microsoft Visual Studio Solution File, Format Version 12.00
# Visual Studio Version 16
VisualStudioVersion = 16.0.29519.87
MinimumVisualStudioVersion = 10.0.40219.1
Project("{8BC9CEB8-8B4A-11D0-8D11-00A0C91BC942}") = "2798", "2798\2798.vcxproj", "{0126FA85-1BC0-4A4B-975E-B5639AB09102}"
EndProject
Project("{8BC9CEB8-8B4A-11D0-8D11-00A0C91BC942}") = "1018", "1018\1018.vcxproj", "{FB01E6AD-23CD-4752-9AA5-B9636E2E91AB}"
EndProject
Project("{8BC9CEB8-8B4A-11D0-8D11-00A0C91BC942}") = "10773", "10773\10773.vcxproj", "{7940F572-0941-4EF6-BAEA-33FD47CED202}"
EndProject
Project("{8BC9CEB8-8B4A-11D0-8D11-00A0C91BC942}") = "1182", "1182\1182.vcxproj", "{74D32364-4E9F-43FD-8670-34D35D9A33EF}"
EndProject
Project("{8BC9CEB8-8B4A-11D0-8D11-00A0C91BC942}") = "9095", "9095\9095.vcxproj", "{ADBEDBE9-C6AC-44A6-A9BF-A94688128D73}"
EndProject
Project("{8BC9CEB8-8B4A-11D0-8D11-00A0C91BC942}") = "15658", "15658\15658.vcxproj", "{D8CDF154-A7DC-4983-81F2-AF46BE65B924}"
EndProject
Project("{8BC9CEB8-8B4A-11D0-8D11-00A0C91BC942}") = "14891", "14891\14891.vcxproj", "{23305942-337E-4958-AD85-75D3B5BBD4C0}"
EndProject
Project("{8BC9CEB8-8B4A-11D0-8D11-00A0C91BC942}") = "20529", "20529\20529.vcxproj", "{7A17F4BB-4698-4431-9013-3C77FE753072}"
EndProject
Project("{8BC9CEB8-8B4A-11D0-8D11-00A0C91BC942}") = "15686", "15686\15686.vcxproj", "{AF707DC0-E14E-4BF6-B3E6-87D0D17CB67E}"
EndProject
Global
	GlobalSection(SolutionConfigurationPlatforms) = preSolution
		Debug|x64 = Debug|x64
		Debug|x86 = Debug|x86
		Release|x64 = Release|x64
		Release|x86 = Release|x86
	EndGlobalSection
	GlobalSection(ProjectConfigurationPlatforms) = postSolution
		{0126FA85-1BC0-4A4B-975E-B5639AB09102}.Debug|x64.ActiveCfg = Debug|x64
		{0126FA85-1BC0-4A4B-975E-B5639AB09102}.Debug|x64.Build.0 = Debug|x64
		{0126FA85-1BC0-4A4B-975E-B5639AB09102}.Debug|x86.ActiveCfg = Debug|Win32
		{0126FA85-1BC0-4A4B-975E-B5639AB09102}.Debug|x86.Build.0 = Debug|Win32
		{0126FA85-1BC0-4A4B-975E-B5639AB09102}.Release|x64.ActiveCfg = Release|x64
		{0126FA85-1BC0-4A4B-975E-B5639AB09102}.Release|x64.Build.0 = Release|x64
		{0126FA85-1BC0-4A4B-975E-B5639AB09102}.Release|x86.ActiveCfg = Release|Win32
		{0126FA85-1BC0-4A4B-975E-B5639AB09102}.Release|x86.Build.0 = Release|Win32
		{FB01E6AD-23CD-4752-9AA5-B9636E2E91AB}.Debug|x64.ActiveCfg = Debug|x64
		{FB01E6AD-23CD-4752-9AA5-B9636E2E91AB}.Debug|x64.Build.0 = Debug|x64
		{FB01E6AD-23CD-4752-9AA5-B9636E2E91AB}.Debug|x86.ActiveCfg = Debug|Win32
		{FB01E6AD-23CD-4752-9AA5-B9636E2E91AB}.Debug|x86.Build.0 = Debug|Win32
		{FB01E6AD-23CD-4752-9AA5-B9636E2E91AB}.Release|x64.ActiveCfg = Release|x64
		{FB01E6AD-23CD-4752-9AA5-B9636E2E91AB}.Release|x64.Build.0 = Release|x64
		{FB01E6AD-23CD-4752-9AA5-B9636E2E91AB}.Release|x86.ActiveCfg = Release|Win32
		{FB01E6AD-23CD-4752-9AA5-B9636E2E91AB}.Release|x86.Build.0 = Release|Win32
		{7940F572-0941-4EF6-BAEA-33FD47CED202}.Debug|x64.ActiveCfg = Debug|x64
		{7940F572-0941-4EF6-BAEA-33FD47CED202}.Debug|x64.Build.0 = Debug|x64
		{7940F572-0941-4EF6-BAEA-33FD47CED202}.Debug|x86.ActiveCfg = Debug|Win32
		{7940F572-0941-4EF6-BAEA-33FD47CED202}.Debug|x86.Build.0 = Debug|Win32
		{7940F572-0941-4EF6-BAEA-33FD47CED202}.Release|x64.ActiveCfg = Release|x64
		{7940F572-0941-4EF6-BAEA-33FD47CED202}.Release|x64.Build.0 = Release|x64
		{7940F572-0941-4EF6-BAEA-33FD47CED202}.Release|x86.ActiveCfg = Release|Win32
		{7940F572-0941-4EF6-BAEA-33FD47CED202}.Release|x86.Build.0 = Release|Win32
		{74D32364-4E9F-43FD-8670-34D35D9A33EF}.Debug|x64.ActiveCfg = Debug|x64
		{74D32364-4E9F-43FD-8670-34D35D9A33EF}.Debug|x64.Build.0 = Debug|x64
		{74D32364-4E9F-43FD-8670-34D35D9A33EF}.Debug|x86.ActiveCfg = Debug|Win32
		{74D32364-4E9F-43FD-8670-34D35D9A33EF}.Debug|x86.Build.0 = Debug|Win32
		{74D32364-4E9F-43FD-8670-34D35D9A33EF}.Release|x64.ActiveCfg = Release|x64
		{74D32364-4E9F-43FD-8670-34D35D9A33EF}.Release|x64.Build.0 = Release|x64
		{74D32364-4E9F-43FD-8670-34D35D9A33EF}.Release|x86.ActiveCfg = Release|Win32
		{74D32364-4E9F-43FD-8670-34D35D9A33EF}.Release|x86.Build.0 = Release|Win32
		{ADBEDBE9-C6AC-44A6-A9BF-A94688128D73}.Debug|x64.ActiveCfg = Debug|x64
		{ADBEDBE9-C6AC-44A6-A9BF-A94688128D73}.Debug|x64.Build.0 = Debug|x64
		{ADBEDBE9-C6AC-44A6-A9BF-A94688128D73}.Debug|x86.ActiveCfg = Debug|Win32
		{ADBEDBE9-C6AC-44A6-A9BF-A94688128D73}.Debug|x86.Build.0 = Debug|Win32
		{ADBEDBE9-C6AC-44A6-A9BF-A94688128D73}.Release|x64.ActiveCfg = Release|x64
		{ADBEDBE9-C6AC-44A6-A9BF-A94688128D73}.Release|x64.Build.0 = Release|x64
		{ADBEDBE9-C6AC-44A6-A9BF-A94688128D73}.Release|x86.ActiveCfg = Release|Win32
		{ADBEDBE9-C6AC-44A6-A9BF-A94688128D73}.Release|x86.Build.0 = Release|Win32
		{D8CDF154-A7DC-4983-81F2-AF46BE65B924}.Debug|x64.ActiveCfg = Debug|x64
		{D8CDF154-A7DC-4983-81F2-AF46BE65B924}.Debug|x64.Build.0 = Debug|x64
		{D8CDF154-A7DC-4983-81F2-AF46BE65B924}.Debug|x86.ActiveCfg = Debug|Win32
		{D8CDF154-A7DC-4983-81F2-AF46BE65B924}.Debug|x86.Build.0 = Debug|Win32
		{D8CDF154-A7DC-4983-81F2-AF46BE65B924}.Release|x64.ActiveCfg = Release|x64
		{D8CDF154-A7DC-4983-81F2-AF46BE65B924}.Release|x64.Build.0 = Release|x64
		{D8CDF154-A7DC-4983-81F2-AF46BE65B924}.Release|x86.ActiveCfg = Release|Win32
		{D8CDF154-A7DC-4983-81F2-AF46BE65B924}.Release|x86.Build.0 = Release|Win32
		{23305942-337E-4958-AD85-75D3B5BBD4C0}.Debug|x64.ActiveCfg = Debug|x64
		{23305942-337E-4958-AD85-75D3B5BBD4C0}.Debug|x64.Build.0 = Debug|x64
		{23305942-337E-4958-AD85-75D3B5BBD4C0}.Debug|x86.ActiveCfg = Debug|Win32
		{23305942-337E-4958-AD85-75D3B5BBD4C0}.Debug|x86.Build.0 = Debug|Win32
		{23305942-337E-4958-AD85-75D3B5BBD4C0}.Release|x64.ActiveCfg = Release|x64
		{23305942-337E-4958-AD85-75D3B5BBD4C0}.Release|x64.Build.0 = Release|x64
		{23305942-337E-4958-AD85-75D3B5BBD4C0}.Release|x86.ActiveCfg = Release|Win32
		{23305942-337E-4958-AD85-75D3B5BBD4C0}.Release|x86.Build.0 = Release|Win32
		{7A17F4BB-4698-4431-9013-3C77FE753072}.Debug|x64.ActiveCfg = Debug|x64
		{7A17F4BB-4698-4431-9013-3C77FE753072}.Debug|x64.Build.0 = Debug|x64
		{7A17F4BB-4698-4431-9013-3C77FE753072}.Debug|x86.ActiveCfg = Debug|Win32
		{7A17F4BB-4698-4431-9013-3C77FE753072}.Debug|x86.Build.0 = Debug|Win32
		{7A17F4BB-4698-4431-9013-3C77FE753072}.Release|x64.ActiveCfg = Release|x64
		{7A17F4BB-4698-4431-9013-3C77FE753072}.Release|x64.Build.0 = Release|x64
		{7A17F4BB-4698-4431-9013-3C77FE753072}.Release|x86.ActiveCfg = Release|Win32
		{7A17F4BB-4698-4431-9013-3C77FE753072}.Release|x86.Build.0 = Release|Win32
		{AF707DC0-E14E-4BF6-B3E6-87D0D17CB67E}.Debug|x64.ActiveCfg = Debug|x64
		{AF707DC0-E14E-4BF6-B3E6-87D0D17CB67E}.Debug|x64.Build.0 = Debug|x64
		{AF707DC0-E14E-4BF6-B3E6-87D0D17CB67E}.Debug|x86.ActiveCfg = Debug|Win32
		{AF707DC0-E14E-4BF6-B3E6-87D0D17CB67E}.Debug|x86.Build.0 = Debug|Win32
		{AF707DC0-E14E-4BF6-B3E6-87D0D17CB67E}.Release|x64.ActiveCfg = Release|x64
		{AF707DC0-E14E-4BF6-B3E6-87D0D17CB67E}.Release|x64.Build.0 = Release|x64
		{AF707DC0-E14E-4BF6-B3E6-87D0D17CB67E}.Release|x86.ActiveCfg = Release|Win32
		{AF707DC0-E14E-4BF6-B3E6-87D0D17CB67E}.Release|x86.Build.0 = Release|Win32
	EndGlobalSection
	GlobalSection(SolutionProperties) = preSolution
		HideSolutionNode = FALSE
	EndGlobalSection
	GlobalSection(ExtensibilityGlobals) = postSolution
		SolutionGuid = {75F28925-571B-45BD-8B44-E67B902BB787}
	EndGlobalSection
EndGlobal
