
Microsoft Visual Studio Solution File, Format Version 12.00
# Visual Studio Version 16
VisualStudioVersion = 16.0.29519.87
MinimumVisualStudioVersion = 10.0.40219.1
Project("{8BC9CEB8-8B4A-11D0-8D11-00A0C91BC942}") = "문제1", "문제1\문제1.vcxproj", "{6C7D69BE-64BF-4D30-8396-C092F65CF083}"
EndProject
Project("{8BC9CEB8-8B4A-11D0-8D11-00A0C91BC942}") = "문제2", "문제2\문제2.vcxproj", "{2E638074-5BE5-4703-9288-75CDD1E82C8B}"
EndProject
Project("{8BC9CEB8-8B4A-11D0-8D11-00A0C91BC942}") = "문제3", "문제3\문제3.vcxproj", "{460C17FD-96FA-46C9-81F9-98639844FE05}"
EndProject
Project("{8BC9CEB8-8B4A-11D0-8D11-00A0C91BC942}") = "문제4", "문제4\문제4.vcxproj", "{A395B525-12D9-472B-988E-2D815B0BFB4A}"
EndProject
Project("{8BC9CEB8-8B4A-11D0-8D11-00A0C91BC942}") = "문제5", "문제5\문제5.vcxproj", "{4A3CD046-5222-4E59-8E6D-5249272A5C62}"
EndProject
Project("{8BC9CEB8-8B4A-11D0-8D11-00A0C91BC942}") = "문제6", "문제6\문제6.vcxproj", "{4BB1C505-0BDB-43CA-8A15-5954FC24B5D6}"
EndProject
Project("{8BC9CEB8-8B4A-11D0-8D11-00A0C91BC942}") = "문제7", "문제7\문제7.vcxproj", "{1BE4D611-E77D-487A-8784-CD5E8ADB5196}"
EndProject
Project("{8BC9CEB8-8B4A-11D0-8D11-00A0C91BC942}") = "문제8", "문제8\문제8.vcxproj", "{CFF250CA-301A-489D-B650-85550F09E756}"
EndProject
Project("{8BC9CEB8-8B4A-11D0-8D11-00A0C91BC942}") = "문제9", "문제9\문제9.vcxproj", "{C72A9431-6D7C-4DBF-BFAF-34772442B173}"
EndProject
Project("{8BC9CEB8-8B4A-11D0-8D11-00A0C91BC942}") = "문제10", "문제10\문제10.vcxproj", "{F9C7CF4E-7AFA-4249-AFA6-6FADEFBAB3B5}"
EndProject
Project("{8BC9CEB8-8B4A-11D0-8D11-00A0C91BC942}") = "문제11", "문제11\문제11.vcxproj", "{B940F71A-85E5-4CB9-9D8A-F1DBF6D20883}"
EndProject
Project("{8BC9CEB8-8B4A-11D0-8D11-00A0C91BC942}") = "문제12", "문제12\문제12.vcxproj", "{8967A6F1-2B3E-4A09-942D-620CC389E5F7}"
EndProject
Project("{8BC9CEB8-8B4A-11D0-8D11-00A0C91BC942}") = "문제13", "문제13\문제13.vcxproj", "{81D5DC29-3D92-4A04-9755-6B55AC263EAA}"
EndProject
Project("{8BC9CEB8-8B4A-11D0-8D11-00A0C91BC942}") = "문제14", "문제14\문제14.vcxproj", "{6086B81D-CCDF-4B08-BBEB-AB27F50109D1}"
EndProject
Project("{8BC9CEB8-8B4A-11D0-8D11-00A0C91BC942}") = "문제15", "문제15\문제15.vcxproj", "{DD04DE52-F021-4C74-A4D1-FFDA0C8BE29E}"
EndProject
Project("{8BC9CEB8-8B4A-11D0-8D11-00A0C91BC942}") = "문제16", "문제16\문제16.vcxproj", "{E949A664-83D3-49B6-ACD4-6FD0B4669320}"
EndProject
Global
	GlobalSection(SolutionConfigurationPlatforms) = preSolution
		Debug|x64 = Debug|x64
		Debug|x86 = Debug|x86
		Release|x64 = Release|x64
		Release|x86 = Release|x86
	EndGlobalSection
	GlobalSection(ProjectConfigurationPlatforms) = postSolution
		{6C7D69BE-64BF-4D30-8396-C092F65CF083}.Debug|x64.ActiveCfg = Debug|x64
		{6C7D69BE-64BF-4D30-8396-C092F65CF083}.Debug|x64.Build.0 = Debug|x64
		{6C7D69BE-64BF-4D30-8396-C092F65CF083}.Debug|x86.ActiveCfg = Debug|Win32
		{6C7D69BE-64BF-4D30-8396-C092F65CF083}.Debug|x86.Build.0 = Debug|Win32
		{6C7D69BE-64BF-4D30-8396-C092F65CF083}.Release|x64.ActiveCfg = Release|x64
		{6C7D69BE-64BF-4D30-8396-C092F65CF083}.Release|x64.Build.0 = Release|x64
		{6C7D69BE-64BF-4D30-8396-C092F65CF083}.Release|x86.ActiveCfg = Release|Win32
		{6C7D69BE-64BF-4D30-8396-C092F65CF083}.Release|x86.Build.0 = Release|Win32
		{2E638074-5BE5-4703-9288-75CDD1E82C8B}.Debug|x64.ActiveCfg = Debug|x64
		{2E638074-5BE5-4703-9288-75CDD1E82C8B}.Debug|x64.Build.0 = Debug|x64
		{2E638074-5BE5-4703-9288-75CDD1E82C8B}.Debug|x86.ActiveCfg = Debug|Win32
		{2E638074-5BE5-4703-9288-75CDD1E82C8B}.Debug|x86.Build.0 = Debug|Win32
		{2E638074-5BE5-4703-9288-75CDD1E82C8B}.Release|x64.ActiveCfg = Release|x64
		{2E638074-5BE5-4703-9288-75CDD1E82C8B}.Release|x64.Build.0 = Release|x64
		{2E638074-5BE5-4703-9288-75CDD1E82C8B}.Release|x86.ActiveCfg = Release|Win32
		{2E638074-5BE5-4703-9288-75CDD1E82C8B}.Release|x86.Build.0 = Release|Win32
		{460C17FD-96FA-46C9-81F9-98639844FE05}.Debug|x64.ActiveCfg = Debug|x64
		{460C17FD-96FA-46C9-81F9-98639844FE05}.Debug|x64.Build.0 = Debug|x64
		{460C17FD-96FA-46C9-81F9-98639844FE05}.Debug|x86.ActiveCfg = Debug|Win32
		{460C17FD-96FA-46C9-81F9-98639844FE05}.Debug|x86.Build.0 = Debug|Win32
		{460C17FD-96FA-46C9-81F9-98639844FE05}.Release|x64.ActiveCfg = Release|x64
		{460C17FD-96FA-46C9-81F9-98639844FE05}.Release|x64.Build.0 = Release|x64
		{460C17FD-96FA-46C9-81F9-98639844FE05}.Release|x86.ActiveCfg = Release|Win32
		{460C17FD-96FA-46C9-81F9-98639844FE05}.Release|x86.Build.0 = Release|Win32
		{A395B525-12D9-472B-988E-2D815B0BFB4A}.Debug|x64.ActiveCfg = Debug|x64
		{A395B525-12D9-472B-988E-2D815B0BFB4A}.Debug|x64.Build.0 = Debug|x64
		{A395B525-12D9-472B-988E-2D815B0BFB4A}.Debug|x86.ActiveCfg = Debug|Win32
		{A395B525-12D9-472B-988E-2D815B0BFB4A}.Debug|x86.Build.0 = Debug|Win32
		{A395B525-12D9-472B-988E-2D815B0BFB4A}.Release|x64.ActiveCfg = Release|x64
		{A395B525-12D9-472B-988E-2D815B0BFB4A}.Release|x64.Build.0 = Release|x64
		{A395B525-12D9-472B-988E-2D815B0BFB4A}.Release|x86.ActiveCfg = Release|Win32
		{A395B525-12D9-472B-988E-2D815B0BFB4A}.Release|x86.Build.0 = Release|Win32
		{4A3CD046-5222-4E59-8E6D-5249272A5C62}.Debug|x64.ActiveCfg = Debug|x64
		{4A3CD046-5222-4E59-8E6D-5249272A5C62}.Debug|x64.Build.0 = Debug|x64
		{4A3CD046-5222-4E59-8E6D-5249272A5C62}.Debug|x86.ActiveCfg = Debug|Win32
		{4A3CD046-5222-4E59-8E6D-5249272A5C62}.Debug|x86.Build.0 = Debug|Win32
		{4A3CD046-5222-4E59-8E6D-5249272A5C62}.Release|x64.ActiveCfg = Release|x64
		{4A3CD046-5222-4E59-8E6D-5249272A5C62}.Release|x64.Build.0 = Release|x64
		{4A3CD046-5222-4E59-8E6D-5249272A5C62}.Release|x86.ActiveCfg = Release|Win32
		{4A3CD046-5222-4E59-8E6D-5249272A5C62}.Release|x86.Build.0 = Release|Win32
		{4BB1C505-0BDB-43CA-8A15-5954FC24B5D6}.Debug|x64.ActiveCfg = Debug|x64
		{4BB1C505-0BDB-43CA-8A15-5954FC24B5D6}.Debug|x64.Build.0 = Debug|x64
		{4BB1C505-0BDB-43CA-8A15-5954FC24B5D6}.Debug|x86.ActiveCfg = Debug|Win32
		{4BB1C505-0BDB-43CA-8A15-5954FC24B5D6}.Debug|x86.Build.0 = Debug|Win32
		{4BB1C505-0BDB-43CA-8A15-5954FC24B5D6}.Release|x64.ActiveCfg = Release|x64
		{4BB1C505-0BDB-43CA-8A15-5954FC24B5D6}.Release|x64.Build.0 = Release|x64
		{4BB1C505-0BDB-43CA-8A15-5954FC24B5D6}.Release|x86.ActiveCfg = Release|Win32
		{4BB1C505-0BDB-43CA-8A15-5954FC24B5D6}.Release|x86.Build.0 = Release|Win32
		{1BE4D611-E77D-487A-8784-CD5E8ADB5196}.Debug|x64.ActiveCfg = Debug|x64
		{1BE4D611-E77D-487A-8784-CD5E8ADB5196}.Debug|x64.Build.0 = Debug|x64
		{1BE4D611-E77D-487A-8784-CD5E8ADB5196}.Debug|x86.ActiveCfg = Debug|Win32
		{1BE4D611-E77D-487A-8784-CD5E8ADB5196}.Debug|x86.Build.0 = Debug|Win32
		{1BE4D611-E77D-487A-8784-CD5E8ADB5196}.Release|x64.ActiveCfg = Release|x64
		{1BE4D611-E77D-487A-8784-CD5E8ADB5196}.Release|x64.Build.0 = Release|x64
		{1BE4D611-E77D-487A-8784-CD5E8ADB5196}.Release|x86.ActiveCfg = Release|Win32
		{1BE4D611-E77D-487A-8784-CD5E8ADB5196}.Release|x86.Build.0 = Release|Win32
		{CFF250CA-301A-489D-B650-85550F09E756}.Debug|x64.ActiveCfg = Debug|x64
		{CFF250CA-301A-489D-B650-85550F09E756}.Debug|x64.Build.0 = Debug|x64
		{CFF250CA-301A-489D-B650-85550F09E756}.Debug|x86.ActiveCfg = Debug|Win32
		{CFF250CA-301A-489D-B650-85550F09E756}.Debug|x86.Build.0 = Debug|Win32
		{CFF250CA-301A-489D-B650-85550F09E756}.Release|x64.ActiveCfg = Release|x64
		{CFF250CA-301A-489D-B650-85550F09E756}.Release|x64.Build.0 = Release|x64
		{CFF250CA-301A-489D-B650-85550F09E756}.Release|x86.ActiveCfg = Release|Win32
		{CFF250CA-301A-489D-B650-85550F09E756}.Release|x86.Build.0 = Release|Win32
		{C72A9431-6D7C-4DBF-BFAF-34772442B173}.Debug|x64.ActiveCfg = Debug|x64
		{C72A9431-6D7C-4DBF-BFAF-34772442B173}.Debug|x64.Build.0 = Debug|x64
		{C72A9431-6D7C-4DBF-BFAF-34772442B173}.Debug|x86.ActiveCfg = Debug|Win32
		{C72A9431-6D7C-4DBF-BFAF-34772442B173}.Debug|x86.Build.0 = Debug|Win32
		{C72A9431-6D7C-4DBF-BFAF-34772442B173}.Release|x64.ActiveCfg = Release|x64
		{C72A9431-6D7C-4DBF-BFAF-34772442B173}.Release|x64.Build.0 = Release|x64
		{C72A9431-6D7C-4DBF-BFAF-34772442B173}.Release|x86.ActiveCfg = Release|Win32
		{C72A9431-6D7C-4DBF-BFAF-34772442B173}.Release|x86.Build.0 = Release|Win32
		{F9C7CF4E-7AFA-4249-AFA6-6FADEFBAB3B5}.Debug|x64.ActiveCfg = Debug|x64
		{F9C7CF4E-7AFA-4249-AFA6-6FADEFBAB3B5}.Debug|x64.Build.0 = Debug|x64
		{F9C7CF4E-7AFA-4249-AFA6-6FADEFBAB3B5}.Debug|x86.ActiveCfg = Debug|Win32
		{F9C7CF4E-7AFA-4249-AFA6-6FADEFBAB3B5}.Debug|x86.Build.0 = Debug|Win32
		{F9C7CF4E-7AFA-4249-AFA6-6FADEFBAB3B5}.Release|x64.ActiveCfg = Release|x64
		{F9C7CF4E-7AFA-4249-AFA6-6FADEFBAB3B5}.Release|x64.Build.0 = Release|x64
		{F9C7CF4E-7AFA-4249-AFA6-6FADEFBAB3B5}.Release|x86.ActiveCfg = Release|Win32
		{F9C7CF4E-7AFA-4249-AFA6-6FADEFBAB3B5}.Release|x86.Build.0 = Release|Win32
		{B940F71A-85E5-4CB9-9D8A-F1DBF6D20883}.Debug|x64.ActiveCfg = Debug|x64
		{B940F71A-85E5-4CB9-9D8A-F1DBF6D20883}.Debug|x64.Build.0 = Debug|x64
		{B940F71A-85E5-4CB9-9D8A-F1DBF6D20883}.Debug|x86.ActiveCfg = Debug|Win32
		{B940F71A-85E5-4CB9-9D8A-F1DBF6D20883}.Debug|x86.Build.0 = Debug|Win32
		{B940F71A-85E5-4CB9-9D8A-F1DBF6D20883}.Release|x64.ActiveCfg = Release|x64
		{B940F71A-85E5-4CB9-9D8A-F1DBF6D20883}.Release|x64.Build.0 = Release|x64
		{B940F71A-85E5-4CB9-9D8A-F1DBF6D20883}.Release|x86.ActiveCfg = Release|Win32
		{B940F71A-85E5-4CB9-9D8A-F1DBF6D20883}.Release|x86.Build.0 = Release|Win32
		{8967A6F1-2B3E-4A09-942D-620CC389E5F7}.Debug|x64.ActiveCfg = Debug|x64
		{8967A6F1-2B3E-4A09-942D-620CC389E5F7}.Debug|x64.Build.0 = Debug|x64
		{8967A6F1-2B3E-4A09-942D-620CC389E5F7}.Debug|x86.ActiveCfg = Debug|Win32
		{8967A6F1-2B3E-4A09-942D-620CC389E5F7}.Debug|x86.Build.0 = Debug|Win32
		{8967A6F1-2B3E-4A09-942D-620CC389E5F7}.Release|x64.ActiveCfg = Release|x64
		{8967A6F1-2B3E-4A09-942D-620CC389E5F7}.Release|x64.Build.0 = Release|x64
		{8967A6F1-2B3E-4A09-942D-620CC389E5F7}.Release|x86.ActiveCfg = Release|Win32
		{8967A6F1-2B3E-4A09-942D-620CC389E5F7}.Release|x86.Build.0 = Release|Win32
		{81D5DC29-3D92-4A04-9755-6B55AC263EAA}.Debug|x64.ActiveCfg = Debug|x64
		{81D5DC29-3D92-4A04-9755-6B55AC263EAA}.Debug|x64.Build.0 = Debug|x64
		{81D5DC29-3D92-4A04-9755-6B55AC263EAA}.Debug|x86.ActiveCfg = Debug|Win32
		{81D5DC29-3D92-4A04-9755-6B55AC263EAA}.Debug|x86.Build.0 = Debug|Win32
		{81D5DC29-3D92-4A04-9755-6B55AC263EAA}.Release|x64.ActiveCfg = Release|x64
		{81D5DC29-3D92-4A04-9755-6B55AC263EAA}.Release|x64.Build.0 = Release|x64
		{81D5DC29-3D92-4A04-9755-6B55AC263EAA}.Release|x86.ActiveCfg = Release|Win32
		{81D5DC29-3D92-4A04-9755-6B55AC263EAA}.Release|x86.Build.0 = Release|Win32
		{6086B81D-CCDF-4B08-BBEB-AB27F50109D1}.Debug|x64.ActiveCfg = Debug|x64
		{6086B81D-CCDF-4B08-BBEB-AB27F50109D1}.Debug|x64.Build.0 = Debug|x64
		{6086B81D-CCDF-4B08-BBEB-AB27F50109D1}.Debug|x86.ActiveCfg = Debug|Win32
		{6086B81D-CCDF-4B08-BBEB-AB27F50109D1}.Debug|x86.Build.0 = Debug|Win32
		{6086B81D-CCDF-4B08-BBEB-AB27F50109D1}.Release|x64.ActiveCfg = Release|x64
		{6086B81D-CCDF-4B08-BBEB-AB27F50109D1}.Release|x64.Build.0 = Release|x64
		{6086B81D-CCDF-4B08-BBEB-AB27F50109D1}.Release|x86.ActiveCfg = Release|Win32
		{6086B81D-CCDF-4B08-BBEB-AB27F50109D1}.Release|x86.Build.0 = Release|Win32
		{DD04DE52-F021-4C74-A4D1-FFDA0C8BE29E}.Debug|x64.ActiveCfg = Debug|x64
		{DD04DE52-F021-4C74-A4D1-FFDA0C8BE29E}.Debug|x64.Build.0 = Debug|x64
		{DD04DE52-F021-4C74-A4D1-FFDA0C8BE29E}.Debug|x86.ActiveCfg = Debug|Win32
		{DD04DE52-F021-4C74-A4D1-FFDA0C8BE29E}.Debug|x86.Build.0 = Debug|Win32
		{DD04DE52-F021-4C74-A4D1-FFDA0C8BE29E}.Release|x64.ActiveCfg = Release|x64
		{DD04DE52-F021-4C74-A4D1-FFDA0C8BE29E}.Release|x64.Build.0 = Release|x64
		{DD04DE52-F021-4C74-A4D1-FFDA0C8BE29E}.Release|x86.ActiveCfg = Release|Win32
		{DD04DE52-F021-4C74-A4D1-FFDA0C8BE29E}.Release|x86.Build.0 = Release|Win32
		{E949A664-83D3-49B6-ACD4-6FD0B4669320}.Debug|x64.ActiveCfg = Debug|x64
		{E949A664-83D3-49B6-ACD4-6FD0B4669320}.Debug|x64.Build.0 = Debug|x64
		{E949A664-83D3-49B6-ACD4-6FD0B4669320}.Debug|x86.ActiveCfg = Debug|Win32
		{E949A664-83D3-49B6-ACD4-6FD0B4669320}.Debug|x86.Build.0 = Debug|Win32
		{E949A664-83D3-49B6-ACD4-6FD0B4669320}.Release|x64.ActiveCfg = Release|x64
		{E949A664-83D3-49B6-ACD4-6FD0B4669320}.Release|x64.Build.0 = Release|x64
		{E949A664-83D3-49B6-ACD4-6FD0B4669320}.Release|x86.ActiveCfg = Release|Win32
		{E949A664-83D3-49B6-ACD4-6FD0B4669320}.Release|x86.Build.0 = Release|Win32
	EndGlobalSection
	GlobalSection(SolutionProperties) = preSolution
		HideSolutionNode = FALSE
	EndGlobalSection
	GlobalSection(ExtensibilityGlobals) = postSolution
		SolutionGuid = {B5547422-5465-43D6-91D1-A109C87D060B}
	EndGlobalSection
EndGlobal
